// !$*UTF8*$!
{
	archiveVersion = 1;
	classes = {
	};
	objectVersion = 50;
	objects = {

/* Begin PBXBuildFile section */
		C8F0E3E323276045009C1988 /* AppDelegate.swift in Sources */ = {isa = PBXBuildFile; fileRef = C8F0E3E223276045009C1988 /* AppDelegate.swift */; };
		C8F0E3E523276045009C1988 /* ViewController.swift in Sources */ = {isa = PBXBuildFile; fileRef = C8F0E3E423276045009C1988 /* ViewController.swift */; };
		C8F0E3E823276045009C1988 /* Main.storyboard in Resources */ = {isa = PBXBuildFile; fileRef = C8F0E3E623276045009C1988 /* Main.storyboard */; };
		C8F0E3EA2327604B009C1988 /* Assets.xcassets in Resources */ = {isa = PBXBuildFile; fileRef = C8F0E3E92327604B009C1988 /* Assets.xcassets */; };
		C8F0E3ED2327604B009C1988 /* LaunchScreen.storyboard in Resources */ = {isa = PBXBuildFile; fileRef = C8F0E3EB2327604B009C1988 /* LaunchScreen.storyboard */; };
		C8F0E3F82327604B009C1988 /* FoodTrackerTests.swift in Sources */ = {isa = PBXBuildFile; fileRef = C8F0E3F72327604B009C1988 /* FoodTrackerTests.swift */; };
		C8F0E4032327604B009C1988 /* FoodTrackerUITests.swift in Sources */ = {isa = PBXBuildFile; fileRef = C8F0E4022327604B009C1988 /* FoodTrackerUITests.swift */; };
		C8F0E4112327FB70009C1988 /* RatingControl.swift in Sources */ = {isa = PBXBuildFile; fileRef = C8F0E4102327FB70009C1988 /* RatingControl.swift */; };
/* End PBXBuildFile section */

/* Begin PBXContainerItemProxy section */
		C8F0E3F42327604B009C1988 /* PBXContainerItemProxy */ = {
			isa = PBXContainerItemProxy;
			containerPortal = C8F0E3D723276045009C1988 /* Project object */;
			proxyType = 1;
			remoteGlobalIDString = C8F0E3DE23276045009C1988;
			remoteInfo = FoodTracker;
		};
		C8F0E3FF2327604B009C1988 /* PBXContainerItemProxy */ = {
			isa = PBXContainerItemProxy;
			containerPortal = C8F0E3D723276045009C1988 /* Project object */;
			proxyType = 1;
			remoteGlobalIDString = C8F0E3DE23276045009C1988;
			remoteInfo = FoodTracker;
		};
/* End PBXContainerItemProxy section */

/* Begin PBXFileReference section */
		C8F0E3DF23276045009C1988 /* FoodTracker.app */ = {isa = PBXFileReference; explicitFileType = wrapper.application; includeInIndex = 0; path = FoodTracker.app; sourceTree = BUILT_PRODUCTS_DIR; };
		C8F0E3E223276045009C1988 /* AppDelegate.swift */ = {isa = PBXFileReference; lastKnownFileType = sourcecode.swift; path = AppDelegate.swift; sourceTree = "<group>"; };
		C8F0E3E423276045009C1988 /* ViewController.swift */ = {isa = PBXFileReference; lastKnownFileType = sourcecode.swift; path = ViewController.swift; sourceTree = "<group>"; };
		C8F0E3E723276045009C1988 /* Base */ = {isa = PBXFileReference; lastKnownFileType = file.storyboard; name = Base; path = Base.lproj/Main.storyboard; sourceTree = "<group>"; };
		C8F0E3E92327604B009C1988 /* Assets.xcassets */ = {isa = PBXFileReference; lastKnownFileType = folder.assetcatalog; path = Assets.xcassets; sourceTree = "<group>"; };
		C8F0E3EC2327604B009C1988 /* Base */ = {isa = PBXFileReference; lastKnownFileType = file.storyboard; name = Base; path = Base.lproj/LaunchScreen.storyboard; sourceTree = "<group>"; };
		C8F0E3EE2327604B009C1988 /* Info.plist */ = {isa = PBXFileReference; lastKnownFileType = text.plist.xml; path = Info.plist; sourceTree = "<group>"; };
		C8F0E3F32327604B009C1988 /* FoodTrackerTests.xctest */ = {isa = PBXFileReference; explicitFileType = wrapper.cfbundle; includeInIndex = 0; path = FoodTrackerTests.xctest; sourceTree = BUILT_PRODUCTS_DIR; };
		C8F0E3F72327604B009C1988 /* FoodTrackerTests.swift */ = {isa = PBXFileReference; lastKnownFileType = sourcecode.swift; path = FoodTrackerTests.swift; sourceTree = "<group>"; };
		C8F0E3F92327604B009C1988 /* Info.plist */ = {isa = PBXFileReference; lastKnownFileType = text.plist.xml; path = Info.plist; sourceTree = "<group>"; };
		C8F0E3FE2327604B009C1988 /* FoodTrackerUITests.xctest */ = {isa = PBXFileReference; explicitFileType = wrapper.cfbundle; includeInIndex = 0; path = FoodTrackerUITests.xctest; sourceTree = BUILT_PRODUCTS_DIR; };
		C8F0E4022327604B009C1988 /* FoodTrackerUITests.swift */ = {isa = PBXFileReference; lastKnownFileType = sourcecode.swift; path = FoodTrackerUITests.swift; sourceTree = "<group>"; };
		C8F0E4042327604B009C1988 /* Info.plist */ = {isa = PBXFileReference; lastKnownFileType = text.plist.xml; path = Info.plist; sourceTree = "<group>"; };
		C8F0E4102327FB70009C1988 /* RatingControl.swift */ = {isa = PBXFileReference; lastKnownFileType = sourcecode.swift; path = RatingControl.swift; sourceTree = "<group>"; };
/* End PBXFileReference section */

/* Begin PBXFrameworksBuildPhase section */
		C8F0E3DC23276045009C1988 /* Frameworks */ = {
			isa = PBXFrameworksBuildPhase;
			buildActionMask = 2147483647;
			files = (
			);
			runOnlyForDeploymentPostprocessing = 0;
		};
		C8F0E3F02327604B009C1988 /* Frameworks */ = {
			isa = PBXFrameworksBuildPhase;
			buildActionMask = 2147483647;
			files = (
			);
			runOnlyForDeploymentPostprocessing = 0;
		};
		C8F0E3FB2327604B009C1988 /* Frameworks */ = {
			isa = PBXFrameworksBuildPhase;
			buildActionMask = 2147483647;
			files = (
			);
			runOnlyForDeploymentPostprocessing = 0;
		};
/* End PBXFrameworksBuildPhase section */

/* Begin PBXGroup section */
		C8F0E3D623276045009C1988 = {
			isa = PBXGroup;
			children = (
				C8F0E3E123276045009C1988 /* FoodTracker */,
				C8F0E3F62327604B009C1988 /* FoodTrackerTests */,
				C8F0E4012327604B009C1988 /* FoodTrackerUITests */,
				C8F0E3E023276045009C1988 /* Products */,
			);
			sourceTree = "<group>";
		};
		C8F0E3E023276045009C1988 /* Products */ = {
			isa = PBXGroup;
			children = (
				C8F0E3DF23276045009C1988 /* FoodTracker.app */,
				C8F0E3F32327604B009C1988 /* FoodTrackerTests.xctest */,
				C8F0E3FE2327604B009C1988 /* FoodTrackerUITests.xctest */,
			);
			name = Products;
			sourceTree = "<group>";
		};
		C8F0E3E123276045009C1988 /* FoodTracker */ = {
			isa = PBXGroup;
			children = (
				C8F0E3E223276045009C1988 /* AppDelegate.swift */,
				C8F0E3E423276045009C1988 /* ViewController.swift */,
				C8F0E4102327FB70009C1988 /* RatingControl.swift */,
				C8F0E3E623276045009C1988 /* Main.storyboard */,
				C8F0E3E92327604B009C1988 /* Assets.xcassets */,
				C8F0E3EB2327604B009C1988 /* LaunchScreen.storyboard */,
				C8F0E3EE2327604B009C1988 /* Info.plist */,
			);
			path = FoodTracker;
			sourceTree = "<group>";
		};
		C8F0E3F62327604B009C1988 /* FoodTrackerTests */ = {
			isa = PBXGroup;
			children = (
				C8F0E3F72327604B009C1988 /* FoodTrackerTests.swift */,
				C8F0E3F92327604B009C1988 /* Info.plist */,
			);
			path = FoodTrackerTests;
			sourceTree = "<group>";
		};
		C8F0E4012327604B009C1988 /* FoodTrackerUITests */ = {
			isa = PBXGroup;
			children = (
				C8F0E4022327604B009C1988 /* FoodTrackerUITests.swift */,
				C8F0E4042327604B009C1988 /* Info.plist */,
			);
			path = FoodTrackerUITests;
			sourceTree = "<group>";
		};
/* End PBXGroup section */

/* Begin PBXNativeTarget section */
		C8F0E3DE23276045009C1988 /* FoodTracker */ = {
			isa = PBXNativeTarget;
			buildConfigurationList = C8F0E4072327604B009C1988 /* Build configuration list for PBXNativeTarget "FoodTracker" */;
			buildPhases = (
				C8F0E3DB23276045009C1988 /* Sources */,
				C8F0E3DC23276045009C1988 /* Frameworks */,
				C8F0E3DD23276045009C1988 /* Resources */,
			);
			buildRules = (
			);
			dependencies = (
			);
			name = FoodTracker;
			productName = FoodTracker;
			productReference = C8F0E3DF23276045009C1988 /* FoodTracker.app */;
			productType = "com.apple.product-type.application";
		};
		C8F0E3F22327604B009C1988 /* FoodTrackerTests */ = {
			isa = PBXNativeTarget;
			buildConfigurationList = C8F0E40A2327604B009C1988 /* Build configuration list for PBXNativeTarget "FoodTrackerTests" */;
			buildPhases = (
				C8F0E3EF2327604B009C1988 /* Sources */,
				C8F0E3F02327604B009C1988 /* Frameworks */,
				C8F0E3F12327604B009C1988 /* Resources */,
			);
			buildRules = (
			);
			dependencies = (
				C8F0E3F52327604B009C1988 /* PBXTargetDependency */,
			);
			name = FoodTrackerTests;
			productName = FoodTrackerTests;
			productReference = C8F0E3F32327604B009C1988 /* FoodTrackerTests.xctest */;
			productType = "com.apple.product-type.bundle.unit-test";
		};
		C8F0E3FD2327604B009C1988 /* FoodTrackerUITests */ = {
			isa = PBXNativeTarget;
			buildConfigurationList = C8F0E40D2327604B009C1988 /* Build configuration list for PBXNativeTarget "FoodTrackerUITests" */;
			buildPhases = (
				C8F0E3FA2327604B009C1988 /* Sources */,
				C8F0E3FB2327604B009C1988 /* Frameworks */,
				C8F0E3FC2327604B009C1988 /* Resources */,
			);
			buildRules = (
			);
			dependencies = (
				C8F0E4002327604B009C1988 /* PBXTargetDependency */,
			);
			name = FoodTrackerUITests;
			productName = FoodTrackerUITests;
			productReference = C8F0E3FE2327604B009C1988 /* FoodTrackerUITests.xctest */;
			productType = "com.apple.product-type.bundle.ui-testing";
		};
/* End PBXNativeTarget section */

/* Begin PBXProject section */
		C8F0E3D723276045009C1988 /* Project object */ = {
			isa = PBXProject;
			attributes = {
				LastSwiftUpdateCheck = 1030;
				LastUpgradeCheck = 1030;
				ORGANIZATIONNAME = "isopooh Inc";
				TargetAttributes = {
					C8F0E3DE23276045009C1988 = {
						CreatedOnToolsVersion = 10.3;
					};
					C8F0E3F22327604B009C1988 = {
						CreatedOnToolsVersion = 10.3;
						TestTargetID = C8F0E3DE23276045009C1988;
					};
					C8F0E3FD2327604B009C1988 = {
						CreatedOnToolsVersion = 10.3;
						TestTargetID = C8F0E3DE23276045009C1988;
					};
				};
			};
			buildConfigurationList = C8F0E3DA23276045009C1988 /* Build configuration list for PBXProject "FoodTracker" */;
			compatibilityVersion = "Xcode 9.3";
			developmentRegion = en;
			hasScannedForEncodings = 0;
			knownRegions = (
				en,
				Base,
			);
			mainGroup = C8F0E3D623276045009C1988;
			productRefGroup = C8F0E3E023276045009C1988 /* Products */;
			projectDirPath = "";
			projectRoot = "";
			targets = (
				C8F0E3DE23276045009C1988 /* FoodTracker */,
				C8F0E3F22327604B009C1988 /* FoodTrackerTests */,
				C8F0E3FD2327604B009C1988 /* FoodTrackerUITests */,
			);
		};
/* End PBXProject section */

/* Begin PBXResourcesBuildPhase section */
		C8F0E3DD23276045009C1988 /* Resources */ = {
			isa = PBXResourcesBuildPhase;
			buildActionMask = 2147483647;
			files = (
				C8F0E3ED2327604B009C1988 /* LaunchScreen.storyboard in Resources */,
				C8F0E3EA2327604B009C1988 /* Assets.xcassets in Resources */,
				C8F0E3E823276045009C1988 /* Main.storyboard in Resources */,
			);
			runOnlyForDeploymentPostprocessing = 0;
		};
		C8F0E3F12327604B009C1988 /* Resources */ = {
			isa = PBXResourcesBuildPhase;
			buildActionMask = 2147483647;
			files = (
			);
			runOnlyForDeploymentPostprocessing = 0;
		};
		C8F0E3FC2327604B009C1988 /* Resources */ = {
			isa = PBXResourcesBuildPhase;
			buildActionMask = 2147483647;
			files = (
			);
			runOnlyForDeploymentPostprocessing = 0;
		};
/* End PBXResourcesBuildPhase section */

/* Begin PBXSourcesBuildPhase section */
		C8F0E3DB23276045009C1988 /* Sources */ = {
			isa = PBXSourcesBuildPhase;
			buildActionMask = 2147483647;
			files = (
				C8F0E3E523276045009C1988 /* ViewController.swift in Sources */,
				C8F0E4112327FB70009C1988 /* RatingControl.swift in Sources */,
				C8F0E3E323276045009C1988 /* AppDelegate.swift in Sources */,
			);
			runOnlyForDeploymentPostprocessing = 0;
		};
		C8F0E3EF2327604B009C1988 /* Sources */ = {
			isa = PBXSourcesBuildPhase;
			buildActionMask = 2147483647;
			files = (
				C8F0E3F82327604B009C1988 /* FoodTrackerTests.swift in Sources */,
			);
			runOnlyForDeploymentPostprocessing = 0;
		};
		C8F0E3FA2327604B009C1988 /* Sources */ = {
			isa = PBXSourcesBuildPhase;
			buildActionMask = 2147483647;
			files = (
				C8F0E4032327604B009C1988 /* FoodTrackerUITests.swift in Sources */,
			);
			runOnlyForDeploymentPostprocessing = 0;
		};
/* End PBXSourcesBuildPhase section */

/* Begin PBXTargetDependency section */
		C8F0E3F52327604B009C1988 /* PBXTargetDependency */ = {
			isa = PBXTargetDependency;
			target = C8F0E3DE23276045009C1988 /* FoodTracker */;
			targetProxy = C8F0E3F42327604B009C1988 /* PBXContainerItemProxy */;
		};
		C8F0E4002327604B009C1988 /* PBXTargetDependency */ = {
			isa = PBXTargetDependency;
			target = C8F0E3DE23276045009C1988 /* FoodTracker */;
			targetProxy = C8F0E3FF2327604B009C1988 /* PBXContainerItemProxy */;
		};
/* End PBXTargetDependency section */

/* Begin PBXVariantGroup section */
		C8F0E3E623276045009C1988 /* Main.storyboard */ = {
			isa = PBXVariantGroup;
			children = (
				C8F0E3E723276045009C1988 /* Base */,
			);
			name = Main.storyboard;
			sourceTree = "<group>";
		};
		C8F0E3EB2327604B009C1988 /* LaunchScreen.storyboard */ = {
			isa = PBXVariantGroup;
			children = (
				C8F0E3EC2327604B009C1988 /* Base */,
			);
			name = LaunchScreen.storyboard;
			sourceTree = "<group>";
		};
/* End PBXVariantGroup section */

/* Begin XCBuildConfiguration section */
		C8F0E4052327604B009C1988 /* Debug */ = {
			isa = XCBuildConfiguration;
			buildSettings = {
				ALWAYS_SEARCH_USER_PATHS = NO;
				CLANG_ANALYZER_NONNULL = YES;
				CLANG_ANALYZER_NUMBER_OBJECT_CONVERSION = YES_AGGRESSIVE;
				CLANG_CXX_LANGUAGE_STANDARD = "gnu++14";
				CLANG_CXX_LIBRARY = "libc++";
				CLANG_ENABLE_MODULES = YES;
				CLANG_ENABLE_OBJC_ARC = YES;
				CLANG_ENABLE_OBJC_WEAK = YES;
				CLANG_WARN_BLOCK_CAPTURE_AUTORELEASING = YES;
				CLANG_WARN_BOOL_CONVERSION = YES;
				CLANG_WARN_COMMA = YES;
				CLANG_WARN_CONSTANT_CONVERSION = YES;
				CLANG_WARN_DEPRECATED_OBJC_IMPLEMENTATIONS = YES;
				CLANG_WARN_DIRECT_OBJC_ISA_USAGE = YES_ERROR;
				CLANG_WARN_DOCUMENTATION_COMMENTS = YES;
				CLANG_WARN_EMPTY_BODY = YES;
				CLANG_WARN_ENUM_CONVERSION = YES;
				CLANG_WARN_INFINITE_RECURSION = YES;
				CLANG_WARN_INT_CONVERSION = YES;
				CLANG_WARN_NON_LITERAL_NULL_CONVERSION = YES;
				CLANG_WARN_OBJC_IMPLICIT_RETAIN_SELF = YES;
				CLANG_WARN_OBJC_LITERAL_CONVERSION = YES;
				CLANG_WARN_OBJC_ROOT_CLASS = YES_ERROR;
				CLANG_WARN_RANGE_LOOP_ANALYSIS = YES;
				CLANG_WARN_STRICT_PROTOTYPES = YES;
				CLANG_WARN_SUSPICIOUS_MOVE = YES;
				CLANG_WARN_UNGUARDED_AVAILABILITY = YES_AGGRESSIVE;
				CLANG_WARN_UNREACHABLE_CODE = YES;
				CLANG_WARN__DUPLICATE_METHOD_MATCH = YES;
				CODE_SIGN_IDENTITY = "iPhone Developer";
				COPY_PHASE_STRIP = NO;
				DEBUG_INFORMATION_FORMAT = dwarf;
				ENABLE_STRICT_OBJC_MSGSEND = YES;
				ENABLE_TESTABILITY = YES;
				GCC_C_LANGUAGE_STANDARD = gnu11;
				GCC_DYNAMIC_NO_PIC = NO;
				GCC_NO_COMMON_BLOCKS = YES;
				GCC_OPTIMIZATION_LEVEL = 0;
				GCC_PREPROCESSOR_DEFINITIONS = (
					"DEBUG=1",
					"$(inherited)",
				);
				GCC_WARN_64_TO_32_BIT_CONVERSION = YES;
				GCC_WARN_ABOUT_RETURN_TYPE = YES_ERROR;
				GCC_WARN_UNDECLARED_SELECTOR = YES;
				GCC_WARN_UNINITIALIZED_AUTOS = YES_AGGRESSIVE;
				GCC_WARN_UNUSED_FUNCTION = YES;
				GCC_WARN_UNUSED_VARIABLE = YES;
				IPHONEOS_DEPLOYMENT_TARGET = 12.4;
				MTL_ENABLE_DEBUG_INFO = INCLUDE_SOURCE;
				MTL_FAST_MATH = YES;
				ONLY_ACTIVE_ARCH = YES;
				SDKROOT = iphoneos;
				SWIFT_ACTIVE_COMPILATION_CONDITIONS = DEBUG;
				SWIFT_OPTIMIZATION_LEVEL = "-Onone";
			};
			name = Debug;
		};
		C8F0E4062327604B009C1988 /* Release */ = {
			isa = XCBuildConfiguration;
			buildSettings = {
				ALWAYS_SEARCH_USER_PATHS = NO;
				CLANG_ANALYZER_NONNULL = YES;
				CLANG_ANALYZER_NUMBER_OBJECT_CONVERSION = YES_AGGRESSIVE;
				CLANG_CXX_LANGUAGE_STANDARD = "gnu++14";
				CLANG_CXX_LIBRARY = "libc++";
				CLANG_ENABLE_MODULES = YES;
				CLANG_ENABLE_OBJC_ARC = YES;
				CLANG_ENABLE_OBJC_WEAK = YES;
				CLANG_WARN_BLOCK_CAPTURE_AUTORELEASING = YES;
				CLANG_WARN_BOOL_CONVERSION = YES;
				CLANG_WARN_COMMA = YES;
				CLANG_WARN_CONSTANT_CONVERSION = YES;
				CLANG_WARN_DEPRECATED_OBJC_IMPLEMENTATIONS = YES;
				CLANG_WARN_DIRECT_OBJC_ISA_USAGE = YES_ERROR;
				CLANG_WARN_DOCUMENTATION_COMMENTS = YES;
				CLANG_WARN_EMPTY_BODY = YES;
				CLANG_WARN_ENUM_CONVERSION = YES;
				CLANG_WARN_INFINITE_RECURSION = YES;
				CLANG_WARN_INT_CONVERSION = YES;
				CLANG_WARN_NON_LITERAL_NULL_CONVERSION = YES;
				CLANG_WARN_OBJC_IMPLICIT_RETAIN_SELF = YES;
				CLANG_WARN_OBJC_LITERAL_CONVERSION = YES;
				CLANG_WARN_OBJC_ROOT_CLASS = YES_ERROR;
				CLANG_WARN_RANGE_LOOP_ANALYSIS = YES;
				CLANG_WARN_STRICT_PROTOTYPES = YES;
				CLANG_WARN_SUSPICIOUS_MOVE = YES;
				CLANG_WARN_UNGUARDED_AVAILABILITY = YES_AGGRESSIVE;
				CLANG_WARN_UNREACHABLE_CODE = YES;
				CLANG_WARN__DUPLICATE_METHOD_MATCH = YES;
				CODE_SIGN_IDENTITY = "iPhone Developer";
				COPY_PHASE_STRIP = NO;
				DEBUG_INFORMATION_FORMAT = "dwarf-with-dsym";
				ENABLE_NS_ASSERTIONS = NO;
				ENABLE_STRICT_OBJC_MSGSEND = YES;
				GCC_C_LANGUAGE_STANDARD = gnu11;
				GCC_NO_COMMON_BLOCKS = YES;
				GCC_WARN_64_TO_32_BIT_CONVERSION = YES;
				GCC_WARN_ABOUT_RETURN_TYPE = YES_ERROR;
				GCC_WARN_UNDECLARED_SELECTOR = YES;
				GCC_WARN_UNINITIALIZED_AUTOS = YES_AGGRESSIVE;
				GCC_WARN_UNUSED_FUNCTION = YES;
				GCC_WARN_UNUSED_VARIABLE = YES;
				IPHONEOS_DEPLOYMENT_TARGET = 12.4;
				MTL_ENABLE_DEBUG_INFO = NO;
				MTL_FAST_MATH = YES;
				SDKROOT = iphoneos;
				SWIFT_COMPILATION_MODE = wholemodule;
				SWIFT_OPTIMIZATION_LEVEL = "-O";
				VALIDATE_PRODUCT = YES;
			};
			name = Release;
		};
		C8F0E4082327604B009C1988 /* Debug */ = {
			isa = XCBuildConfiguration;
			buildSettings = {
				ASSETCATALOG_COMPILER_APPICON_NAME = AppIcon;
				CODE_SIGN_STYLE = Automatic;
				INFOPLIST_FILE = FoodTracker/Info.plist;
				LD_RUNPATH_SEARCH_PATHS = (
					"$(inherited)",
					"@executable_path/Frameworks",
				);
				PRODUCT_BUNDLE_IDENTIFIER = com.example.FoodTracker;
				PRODUCT_NAME = "$(TARGET_NAME)";
				SWIFT_VERSION = 5.0;
				TARGETED_DEVICE_FAMILY = "1,2";
			};
			name = Debug;
		};
		C8F0E4092327604B009C1988 /* Release */ = {
			isa = XCBuildConfiguration;
			buildSettings = {
				ASSETCATALOG_COMPILER_APPICON_NAME = AppIcon;
				CODE_SIGN_STYLE = Automatic;
				INFOPLIST_FILE = FoodTracker/Info.plist;
				LD_RUNPATH_SEARCH_PATHS = (
					"$(inherited)",
					"@executable_path/Frameworks",
				);
				PRODUCT_BUNDLE_IDENTIFIER = com.example.FoodTracker;
				PRODUCT_NAME = "$(TARGET_NAME)";
				SWIFT_VERSION = 5.0;
				TARGETED_DEVICE_FAMILY = "1,2";
			};
			name = Release;
		};
		C8F0E40B2327604B009C1988 /* Debug */ = {
			isa = XCBuildConfiguration;
			buildSettings = {
				ALWAYS_EMBED_SWIFT_STANDARD_LIBRARIES = YES;
				BUNDLE_LOADER = "$(TEST_HOST)";
				CODE_SIGN_STYLE = Automatic;
				INFOPLIST_FILE = FoodTrackerTests/Info.plist;
				LD_RUNPATH_SEARCH_PATHS = (
					"$(inherited)",
					"@executable_path/Frameworks",
					"@loader_path/Frameworks",
				);
				PRODUCT_BUNDLE_IDENTIFIER = com.example.FoodTrackerTests;
				PRODUCT_NAME = "$(TARGET_NAME)";
				SWIFT_VERSION = 5.0;
				TARGETED_DEVICE_FAMILY = "1,2";
				TEST_HOST = "$(BUILT_PRODUCTS_DIR)/FoodTracker.app/FoodTracker";
			};
			name = Debug;
		};
		C8F0E40C2327604B009C1988 /* Release */ = {
			isa = XCBuildConfiguration;
			buildSettings = {
				ALWAYS_EMBED_SWIFT_STANDARD_LIBRARIES = YES;
				BUNDLE_LOADER = "$(TEST_HOST)";
				CODE_SIGN_STYLE = Automatic;
				INFOPLIST_FILE = FoodTrackerTests/Info.plist;
				LD_RUNPATH_SEARCH_PATHS = (
					"$(inherited)",
					"@executable_path/Frameworks",
					"@loader_path/Frameworks",
				);
				PRODUCT_BUNDLE_IDENTIFIER = com.example.FoodTrackerTests;
				PRODUCT_NAME = "$(TARGET_NAME)";
				SWIFT_VERSION = 5.0;
				TARGETED_DEVICE_FAMILY = "1,2";
				TEST_HOST = "$(BUILT_PRODUCTS_DIR)/FoodTracker.app/FoodTracker";
			};
			name = Release;
		};
		C8F0E40E2327604B009C1988 /* Debug */ = {
			isa = XCBuildConfiguration;
			buildSettings = {
				ALWAYS_EMBED_SWIFT_STANDARD_LIBRARIES = YES;
				CODE_SIGN_STYLE = Automatic;
				INFOPLIST_FILE = FoodTrackerUITests/Info.plist;
				LD_RUNPATH_SEARCH_PATHS = (
					"$(inherited)",
					"@executable_path/Frameworks",
					"@loader_path/Frameworks",
				);
				PRODUCT_BUNDLE_IDENTIFIER = com.example.FoodTrackerUITests;
				PRODUCT_NAME = "$(TARGET_NAME)";
				SWIFT_VERSION = 5.0;
				TARGETED_DEVICE_FAMILY = "1,2";
				TEST_TARGET_NAME = FoodTracker;
			};
			name = Debug;
		};
		C8F0E40F2327604B009C1988 /* Release */ = {
			isa = XCBuildConfiguration;
			buildSettings = {
				ALWAYS_EMBED_SWIFT_STANDARD_LIBRARIES = YES;
				CODE_SIGN_STYLE = Automatic;
				INFOPLIST_FILE = FoodTrackerUITests/Info.plist;
				LD_RUNPATH_SEARCH_PATHS = (
					"$(inherited)",
					"@executable_path/Frameworks",
					"@loader_path/Frameworks",
				);
				PRODUCT_BUNDLE_IDENTIFIER = com.example.FoodTrackerUITests;
				PRODUCT_NAME = "$(TARGET_NAME)";
				SWIFT_VERSION = 5.0;
				TARGETED_DEVICE_FAMILY = "1,2";
				TEST_TARGET_NAME = FoodTracker;
			};
			name = Release;
		};
/* End XCBuildConfiguration section */

/* Begin XCConfigurationList section */
		C8F0E3DA23276045009C1988 /* Build configuration list for PBXProject "FoodTracker" */ = {
			isa = XCConfigurationList;
			buildConfigurations = (
				C8F0E4052327604B009C1988 /* Debug */,
				C8F0E4062327604B009C1988 /* Release */,
			);
			defaultConfigurationIsVisible = 0;
			defaultConfigurationName = Release;
		};
		C8F0E4072327604B009C1988 /* Build configuration list for PBXNativeTarget "FoodTracker" */ = {
			isa = XCConfigurationList;
			buildConfigurations = (
				C8F0E4082327604B009C1988 /* Debug */,
				C8F0E4092327604B009C1988 /* Release */,
			);
			defaultConfigurationIsVisible = 0;
			defaultConfigurationName = Release;
		};
		C8F0E40A2327604B009C1988 /* Build configuration list for PBXNativeTarget "FoodTrackerTests" */ = {
			isa = XCConfigurationList;
			buildConfigurations = (
				C8F0E40B2327604B009C1988 /* Debug */,
				C8F0E40C2327604B009C1988 /* Release */,
			);
			defaultConfigurationIsVisible = 0;
			defaultConfigurationName = Release;
		};
		C8F0E40D2327604B009C1988 /* Build configuration list for PBXNativeTarget "FoodTrackerUITests" */ = {
			isa = XCConfigurationList;
			buildConfigurations = (
				C8F0E40E2327604B009C1988 /* Debug */,
				C8F0E40F2327604B009C1988 /* Release */,
			);
			defaultConfigurationIsVisible = 0;
			defaultConfigurationName = Release;
		};
/* End XCConfigurationList section */
	};
	rootObject = C8F0E3D723276045009C1988 /* Project object */;
}
